
Microsoft Visual Studio Solution File, Format Version 12.00
# Visual Studio Version 17
VisualStudioVersion = 17.8.34330.188
MinimumVisualStudioVersion = 10.0.40219.1
Project("{FAE04EC0-301F-11D3-BF4B-00C04F79EFBC}") = "GymManagementSystem", "GymManagementSystem\GymManagementSystem.csproj", "{391A1BD0-7E06-491F-9CF3-62E7665AFB64}"
EndProject
Global
	GlobalSection(SolutionConfigurationPlatforms) = preSolution
		Debug|Any CPU = Debug|Any CPU
		Release|Any CPU = Release|Any CPU
	EndGlobalSection
	GlobalSection(ProjectConfigurationPlatforms) = postSolution
		{391A1BD0-7E06-491F-9CF3-62E7665AFB64}.Debug|Any CPU.ActiveCfg = Debug|Any CPU
		{391A1BD0-7E06-491F-9CF3-62E7665AFB64}.Debug|Any CPU.Build.0 = Debug|Any CPU
		{391A1BD0-7E06-491F-9CF3-62E7665AFB64}.Release|Any CPU.ActiveCfg = Release|Any CPU
		{391A1BD0-7E06-491F-9CF3-62E7665AFB64}.Release|Any CPU.Build.0 = Release|Any CPU
	EndGlobalSection
	GlobalSection(SolutionProperties) = preSolution
		HideSolutionNode = FALSE
	EndGlobalSection
	GlobalSection(ExtensibilityGlobals) = postSolution
		SolutionGuid = {F2CD372C-CE89-4097-BD0B-B24A9F27BFA8}
	EndGlobalSection
EndGlobal
